Microsoft Visual Studio Solution File, Format Version 12.00
# Visual Studio Version 17
VisualStudioVersion = 17.5.2.0
MinimumVisualStudioVersion = 10.0.40219.1
Project("{FAE04EC0-301F-11D3-BF4B-00C04F79EFBC}") = "AirlineSeatReservationSystem", "AirlineSeatReservationSystem.csproj", "{BB0A7CF9-01EA-0583-3579-F11CA85F774C}"
EndProject
Global
	GlobalSection(SolutionConfigurationPlatforms) = preSolution
		Debug|Any CPU = Debug|Any CPU
		Release|Any CPU = Release|Any CPU
	EndGlobalSection
	GlobalSection(ProjectConfigurationPlatforms) = postSolution
		{BB0A7CF9-01EA-0583-3579-F11CA85F774C}.Debug|Any CPU.ActiveCfg = Debug|Any CPU
		{BB0A7CF9-01EA-0583-3579-F11CA85F774C}.Debug|Any CPU.Build.0 = Debug|Any CPU
		{BB0A7CF9-01EA-0583-3579-F11CA85F774C}.Release|Any CPU.ActiveCfg = Release|Any CPU
		{BB0A7CF9-01EA-0583-3579-F11CA85F774C}.Release|Any CPU.Build.0 = Release|Any CPU
	EndGlobalSection
	GlobalSection(SolutionProperties) = preSolution
		HideSolutionNode = FALSE
	EndGlobalSection
	GlobalSection(ExtensibilityGlobals) = postSolution
		SolutionGuid = {F0325388-57D6-4F34-A7F9-2E96EC03DA49}
	EndGlobalSection
EndGlobal
